lockfileVersion: '9.0'

settings:
  autoInstallPeers: true
  excludeLinksFromLockfile: false

importers:

  .:
    dependencies:
      turbo:
        specifier: ^2.4.0
        version: 2.4.0

packages:

  turbo-darwin-64@2.4.0:
    resolution: {integrity: sha512-kVMScnPUa3R4n7woNmkR15kOY0aUwCLJcUyH5UC59ggKqr5HIHwweKYK8N1pwBQso0LQF4I9i93hIzfJguCcwQ==}
    cpu: [x64]
    os: [darwin]

  turbo-darwin-arm64@2.4.0:
    resolution: {integrity: sha512-8JObIpfun1guA7UlFR5jC/SOVm49lRscxMxfg5jZ5ABft79rhFC+ygN9AwAhGKv6W2DUhIh2xENkSgu4EDmUyg==}
    cpu: [arm64]
    os: [darwin]

  turbo-linux-64@2.4.0:
    resolution: {integrity: sha512-xWDGGcRlBuGV7HXWAVuTY6vsQi4aZxGMAnuiuNDg8Ij1aHGohOM0RUsWMXjxz4vuJmjk9+/D6NQqHH3AJEXezg==}
    cpu: [x64]
    os: [linux]

  turbo-linux-arm64@2.4.0:
    resolution: {integrity: sha512-c3En99xMguc/Pdtk/rZP53LnDdw0W6lgUc04he8r8F+UHYSNvgzHh0WGXXmCC6lGbBH72kPhhGx4bAwyvi7dug==}
    cpu: [arm64]
    os: [linux]

  turbo-windows-64@2.4.0:
    resolution: {integrity: sha512-/gOORuOlyA8JDPzyA16CD3wvyRcuBFePa1URAnFUof9hXQmKxK0VvSDO79cYZFsJSchCKNJpckUS0gYxGsWwoA==}
    cpu: [x64]
    os: [win32]

  turbo-windows-arm64@2.4.0:
    resolution: {integrity: sha512-/DJIdTFijEMM5LSiEpSfarDOMOlYqJV+EzmppqWtHqDsOLF4hbbIBH9sJR6OOp5dURAu5eURBYdmvBRz9Lo6TA==}
    cpu: [arm64]
    os: [win32]

  turbo@2.4.0:
    resolution: {integrity: sha512-ah/yQp2oMif1X0u7fBJ4MLMygnkbKnW5O8SG6pJvloPCpHfFoZctkSVQiJ3VnvNTq71V2JJIdwmOeu1i34OQyg==}
    hasBin: true

snapshots:

  turbo-darwin-64@2.4.0:
    optional: true

  turbo-darwin-arm64@2.4.0:
    optional: true

  turbo-linux-64@2.4.0:
    optional: true

  turbo-linux-arm64@2.4.0:
    optional: true

  turbo-windows-64@2.4.0:
    optional: true

  turbo-windows-arm64@2.4.0:
    optional: true

  turbo@2.4.0:
    optionalDependencies:
      turbo-darwin-64: 2.4.0
      turbo-darwin-arm64: 2.4.0
      turbo-linux-64: 2.4.0
      turbo-linux-arm64: 2.4.0
      turbo-windows-64: 2.4.0
      turbo-windows-arm64: 2.4.0
